
Microsoft Visual Studio Solution File, Format Version 12.00
# Visual Studio Version 18
VisualStudioVersion = 18.3.11512.155 d18.3
MinimumVisualStudioVersion = 10.0.40219.1
Project("{FAE04EC0-301F-11D3-BF4B-00C04F79EFBC}") = "MarketData.Primitives", "src\MarketData.Primitives\MarketData.Primitives.csproj", "{5EB71665-721E-E1F1-B1B7-99FF50AA100E}"
EndProject
Project("{2150E333-8FDC-42A3-9474-1A3956D46DE8}") = "src", "src", "{02EA681E-C7D8-13C7-8484-4AC65E1B71E8}"
EndProject
Project("{FAE04EC0-301F-11D3-BF4B-00C04F79EFBC}") = "MarketData.Application", "src\MarketData.Application\MarketData.Application.csproj", "{B0DEC927-BCF7-4CAF-B3E1-8DB770175C2D}"
EndProject
Project("{FAE04EC0-301F-11D3-BF4B-00C04F79EFBC}") = "MarketData.Infrastructure", "src\MarketData.Infrastructure\MarketData.Infrastructure.csproj", "{482738CE-7463-4D21-845D-AF7300DBA93A}"
EndProject
Project("{2150E333-8FDC-42A3-9474-1A3956D46DE8}") = "tests", "tests", "{ADED3B98-BFE6-4D5D-8CFB-EEE0C43E8723}"
EndProject
Project("{FAE04EC0-301F-11D3-BF4B-00C04F79EFBC}") = "MarketData.Primitives.Tests", "tests\MarketData.Primitives.Tests\MarketData.Primitives.Tests.csproj", "{6B9E4260-4A84-4586-BE73-D06DFF49A65E}"
EndProject
Project("{2150E333-8FDC-42A3-9474-1A3956D46DE8}") = "external", "external", "{E7B789D6-E3B2-420B-8889-B0AEE0528D14}"
EndProject
Project("{FAE04EC0-301F-11D3-BF4B-00C04F79EFBC}") = "Core", "src\external\Core\Core\Core.csproj", "{8CFA7B4C-43CD-DCF1-9089-3B04576BCB1D}"
EndProject
Global
	GlobalSection(SolutionConfigurationPlatforms) = preSolution
		Debug|Any CPU = Debug|Any CPU
		Release|Any CPU = Release|Any CPU
	EndGlobalSection
	GlobalSection(ProjectConfigurationPlatforms) = postSolution
		{5EB71665-721E-E1F1-B1B7-99FF50AA100E}.Debug|Any CPU.ActiveCfg = Debug|Any CPU
		{5EB71665-721E-E1F1-B1B7-99FF50AA100E}.Debug|Any CPU.Build.0 = Debug|Any CPU
		{5EB71665-721E-E1F1-B1B7-99FF50AA100E}.Release|Any CPU.ActiveCfg = Release|Any CPU
		{5EB71665-721E-E1F1-B1B7-99FF50AA100E}.Release|Any CPU.Build.0 = Release|Any CPU
		{B0DEC927-BCF7-4CAF-B3E1-8DB770175C2D}.Debug|Any CPU.ActiveCfg = Debug|Any CPU
		{B0DEC927-BCF7-4CAF-B3E1-8DB770175C2D}.Debug|Any CPU.Build.0 = Debug|Any CPU
		{B0DEC927-BCF7-4CAF-B3E1-8DB770175C2D}.Release|Any CPU.ActiveCfg = Release|Any CPU
		{B0DEC927-BCF7-4CAF-B3E1-8DB770175C2D}.Release|Any CPU.Build.0 = Release|Any CPU
		{482738CE-7463-4D21-845D-AF7300DBA93A}.Debug|Any CPU.ActiveCfg = Debug|Any CPU
		{482738CE-7463-4D21-845D-AF7300DBA93A}.Debug|Any CPU.Build.0 = Debug|Any CPU
		{482738CE-7463-4D21-845D-AF7300DBA93A}.Release|Any CPU.ActiveCfg = Release|Any CPU
		{482738CE-7463-4D21-845D-AF7300DBA93A}.Release|Any CPU.Build.0 = Release|Any CPU
		{6B9E4260-4A84-4586-BE73-D06DFF49A65E}.Debug|Any CPU.ActiveCfg = Debug|Any CPU
		{6B9E4260-4A84-4586-BE73-D06DFF49A65E}.Debug|Any CPU.Build.0 = Debug|Any CPU
		{6B9E4260-4A84-4586-BE73-D06DFF49A65E}.Release|Any CPU.ActiveCfg = Release|Any CPU
		{6B9E4260-4A84-4586-BE73-D06DFF49A65E}.Release|Any CPU.Build.0 = Release|Any CPU
		{B0DEC927-BCF7-4CAF-B3E1-8DB770175C2D}.Debug|Any CPU.ActiveCfg = Debug|Any CPU
		{B0DEC927-BCF7-4CAF-B3E1-8DB770175C2D}.Debug|Any CPU.Build.0 = Debug|Any CPU
		{B0DEC927-BCF7-4CAF-B3E1-8DB770175C2D}.Release|Any CPU.ActiveCfg = Release|Any CPU
		{B0DEC927-BCF7-4CAF-B3E1-8DB770175C2D}.Release|Any CPU.Build.0 = Release|Any CPU
		{482738CE-7463-4D21-845D-AF7300DBA93A}.Debug|Any CPU.ActiveCfg = Debug|Any CPU
		{482738CE-7463-4D21-845D-AF7300DBA93A}.Debug|Any CPU.Build.0 = Debug|Any CPU
		{482738CE-7463-4D21-845D-AF7300DBA93A}.Release|Any CPU.ActiveCfg = Release|Any CPU
		{482738CE-7463-4D21-845D-AF7300DBA93A}.Release|Any CPU.Build.0 = Release|Any CPU
		{8CFA7B4C-43CD-DCF1-9089-3B04576BCB1D}.Debug|Any CPU.ActiveCfg = Debug|Any CPU
		{8CFA7B4C-43CD-DCF1-9089-3B04576BCB1D}.Debug|Any CPU.Build.0 = Debug|Any CPU
		{8CFA7B4C-43CD-DCF1-9089-3B04576BCB1D}.Release|Any CPU.ActiveCfg = Release|Any CPU
		{8CFA7B4C-43CD-DCF1-9089-3B04576BCB1D}.Release|Any CPU.Build.0 = Release|Any CPU
	EndGlobalSection
	GlobalSection(SolutionProperties) = preSolution
		HideSolutionNode = FALSE
	EndGlobalSection
	GlobalSection(NestedProjects) = preSolution
		{5EB71665-721E-E1F1-B1B7-99FF50AA100E} = {02EA681E-C7D8-13C7-8484-4AC65E1B71E8}
		{B0DEC927-BCF7-4CAF-B3E1-8DB770175C2D} = {02EA681E-C7D8-13C7-8484-4AC65E1B71E8}
		{482738CE-7463-4D21-845D-AF7300DBA93A} = {02EA681E-C7D8-13C7-8484-4AC65E1B71E8}
		{6B9E4260-4A84-4586-BE73-D06DFF49A65E} = {ADED3B98-BFE6-4D5D-8CFB-EEE0C43E8723}
		{B0DEC927-BCF7-4CAF-B3E1-8DB770175C2D} = {02EA681E-C7D8-13C7-8484-4AC65E1B71E8}
		{482738CE-7463-4D21-845D-AF7300DBA93A} = {02EA681E-C7D8-13C7-8484-4AC65E1B71E8}
		{E7B789D6-E3B2-420B-8889-B0AEE0528D14} = {02EA681E-C7D8-13C7-8484-4AC65E1B71E8}
		{8CFA7B4C-43CD-DCF1-9089-3B04576BCB1D} = {E7B789D6-E3B2-420B-8889-B0AEE0528D14}
	EndGlobalSection
	GlobalSection(ExtensibilityGlobals) = postSolution
		SolutionGuid = {4C205D5D-95E3-49BF-AC92-A09EF7B891B8}
	EndGlobalSection
EndGlobal
